
Microsoft Visual Studio Solution File, Format Version 12.00
# Visual Studio Version 16
VisualStudioVersion = 16.0.31702.278
MinimumVisualStudioVersion = 10.0.40219.1
Project("{8BC9CEB8-8B4A-11D0-8D11-00A0C91BC942}") = "lab7_2nd_term", "lab7_2nd_term.vcxproj", "{FEE600F1-DCA5-41C4-A8A9-1D6E8AB729B7}"
EndProject
Global
	GlobalSection(SolutionConfigurationPlatforms) = preSolution
		Debug|x64 = Debug|x64
		Debug|x86 = Debug|x86
		Release|x64 = Release|x64
		Release|x86 = Release|x86
	EndGlobalSection
	GlobalSection(ProjectConfigurationPlatforms) = postSolution
		{FEE600F1-DCA5-41C4-A8A9-1D6E8AB729B7}.Debug|x64.ActiveCfg = Debug|x64
		{FEE600F1-DCA5-41C4-A8A9-1D6E8AB729B7}.Debug|x64.Build.0 = Debug|x64
		{FEE600F1-DCA5-41C4-A8A9-1D6E8AB729B7}.Debug|x86.ActiveCfg = Debug|Win32
		{FEE600F1-DCA5-41C4-A8A9-1D6E8AB729B7}.Debug|x86.Build.0 = Debug|Win32
		{FEE600F1-DCA5-41C4-A8A9-1D6E8AB729B7}.Release|x64.ActiveCfg = Release|x64
		{FEE600F1-DCA5-41C4-A8A9-1D6E8AB729B7}.Release|x64.Build.0 = Release|x64
		{FEE600F1-DCA5-41C4-A8A9-1D6E8AB729B7}.Release|x86.ActiveCfg = Release|Win32
		{FEE600F1-DCA5-41C4-A8A9-1D6E8AB729B7}.Release|x86.Build.0 = Release|Win32
	EndGlobalSection
	GlobalSection(SolutionProperties) = preSolution
		HideSolutionNode = FALSE
	EndGlobalSection
	GlobalSection(ExtensibilityGlobals) = postSolution
		SolutionGuid = {C824CB1B-0149-486E-A486-A7AC41D50DE5}
	EndGlobalSection
EndGlobal
